golang.org/x/sys v0.0.0-20201116161645-c061ba923fbb h1:+EHGEcgeA7ESswi5i4ojbo7sRzlz7vWoxFGcMuEZtu8=
golang.org/x/sys v0.0.0-20201116161645-c061ba923fbb/go.mod h1:h1NjWce9XRLGQEsW7wpKNCjG9DtNlClVuFLEZdDNbEs=
golang.org/x/sys v0.0.0-20201116194326-cc9327a14d48 h1:AYCWBZhgIw6XobZ5CibNJr0Rc4ZofGGKvWa1vcx2IGk=
golang.org/x/sys v0.0.0-20201116194326-cc9327a14d48/go.mod h1:h1NjWce9XRLGQEsW7wpKNCjG9DtNlClVuFLEZdDNbEs=
